
Microsoft Visual Studio Solution File, Format Version 12.00
# Visual Studio Version 17
VisualStudioVersion = 17.6.33815.320
MinimumVisualStudioVersion = 10.0.40219.1
Project("{FAE04EC0-301F-11D3-BF4B-00C04F79EFBC}") = "WebAppExercise", "WebAppExercise.csproj", "{9DC52DFD-EAE7-4927-82AC-903FFEACCD1A}"
EndProject
Global
	GlobalSection(SolutionConfigurationPlatforms) = preSolution
		Debug|Any CPU = Debug|Any CPU
		Release|Any CPU = Release|Any CPU
	EndGlobalSection
	GlobalSection(ProjectConfigurationPlatforms) = postSolution
		{9DC52DFD-EAE7-4927-82AC-903FFEACCD1A}.Debug|Any CPU.ActiveCfg = Debug|Any CPU
		{9DC52DFD-EAE7-4927-82AC-903FFEACCD1A}.Debug|Any CPU.Build.0 = Debug|Any CPU
		{9DC52DFD-EAE7-4927-82AC-903FFEACCD1A}.Release|Any CPU.ActiveCfg = Release|Any CPU
		{9DC52DFD-EAE7-4927-82AC-903FFEACCD1A}.Release|Any CPU.Build.0 = Release|Any CPU
	EndGlobalSection
	GlobalSection(SolutionProperties) = preSolution
		HideSolutionNode = FALSE
	EndGlobalSection
	GlobalSection(ExtensibilityGlobals) = postSolution
		SolutionGuid = {D1B40782-BE38-48A0-844C-A918DBB2ABEE}
	EndGlobalSection
EndGlobal
